// !$*UTF8*$!
{
	archiveVersion = 1;
	classes = {
	};
	objectVersion = 46;
	objects = {

/* Begin PBXBuildFile section */
		4B46ABD61D8E3ADA00BD8694 /* main.m in Sources */ = {isa = PBXBuildFile; fileRef = 4B46ABD51D8E3ADA00BD8694 /* main.m */; };
		4B46ABD91D8E3ADA00BD8694 /* AppDelegate.m in Sources */ = {isa = PBXBuildFile; fileRef = 4B46ABD81D8E3ADA00BD8694 /* AppDelegate.m */; };
		4B46ABE11D8E3ADA00BD8694 /* Assets.xcassets in Resources */ = {isa = PBXBuildFile; fileRef = 4B46ABE01D8E3ADA00BD8694 /* Assets.xcassets */; };
		4B46ABE41D8E3ADA00BD8694 /* LaunchScreen.storyboard in Resources */ = {isa = PBXBuildFile; fileRef = 4B46ABE21D8E3ADA00BD8694 /* LaunchScreen.storyboard */; };
		4B46ABEF1D8E3ADA00BD8694 /* ____Tests.m in Sources */ = {isa = PBXBuildFile; fileRef = 4B46ABEE1D8E3ADA00BD8694 /* ____Tests.m */; };
		4B46ABFA1D8E3ADA00BD8694 /* ____UITests.m in Sources */ = {isa = PBXBuildFile; fileRef = 4B46ABF91D8E3ADA00BD8694 /* ____UITests.m */; };
		4B46AC091D8E3B2300BD8694 /* RootViewController.m in Sources */ = {isa = PBXBuildFile; fileRef = 4B46AC081D8E3B2300BD8694 /* RootViewController.m */; };
		4B46AC271D8E5AE900BD8694 /* LICENSE in Resources */ = {isa = PBXBuildFile; fileRef = 4B46AC0B1D8E5AE900BD8694 /* LICENSE */; };
		4B46AC281D8E5AE900BD8694 /* MASCompositeConstraint.m in Sources */ = {isa = PBXBuildFile; fileRef = 4B46AC0E1D8E5AE900BD8694 /* MASCompositeConstraint.m */; };
		4B46AC291D8E5AE900BD8694 /* MASConstraint.m in Sources */ = {isa = PBXBuildFile; fileRef = 4B46AC111D8E5AE900BD8694 /* MASConstraint.m */; };
		4B46AC2A1D8E5AE900BD8694 /* MASConstraintMaker.m in Sources */ = {isa = PBXBuildFile; fileRef = 4B46AC131D8E5AE900BD8694 /* MASConstraintMaker.m */; };
		4B46AC2B1D8E5AE900BD8694 /* MASLayoutConstraint.m in Sources */ = {isa = PBXBuildFile; fileRef = 4B46AC151D8E5AE900BD8694 /* MASLayoutConstraint.m */; };
		4B46AC2C1D8E5AE900BD8694 /* MASViewAttribute.m in Sources */ = {isa = PBXBuildFile; fileRef = 4B46AC191D8E5AE900BD8694 /* MASViewAttribute.m */; };
		4B46AC2D1D8E5AE900BD8694 /* MASViewConstraint.m in Sources */ = {isa = PBXBuildFile; fileRef = 4B46AC1B1D8E5AE900BD8694 /* MASViewConstraint.m */; };
		4B46AC2E1D8E5AE900BD8694 /* NSArray+MASAdditions.m in Sources */ = {isa = PBXBuildFile; fileRef = 4B46AC1D1D8E5AE900BD8694 /* NSArray+MASAdditions.m */; };
		4B46AC2F1D8E5AE900BD8694 /* NSLayoutConstraint+MASDebugAdditions.m in Sources */ = {isa = PBXBuildFile; fileRef = 4B46AC201D8E5AE900BD8694 /* NSLayoutConstraint+MASDebugAdditions.m */; };
		4B46AC301D8E5AE900BD8694 /* View+MASAdditions.m in Sources */ = {isa = PBXBuildFile; fileRef = 4B46AC221D8E5AE900BD8694 /* View+MASAdditions.m */; };
		4B46AC311D8E5AE900BD8694 /* ViewController+MASAdditions.m in Sources */ = {isa = PBXBuildFile; fileRef = 4B46AC251D8E5AE900BD8694 /* ViewController+MASAdditions.m */; };
		4B46AC321D8E5AE900BD8694 /* README.md in Sources */ = {isa = PBXBuildFile; fileRef = 4B46AC261D8E5AE900BD8694 /* README.md */; };
		4B46AC391D8E603800BD8694 /* FirstViewController.m in Sources */ = {isa = PBXBuildFile; fileRef = 4B46AC341D8E603800BD8694 /* FirstViewController.m */; };
		4B46AC3A1D8E603800BD8694 /* SecondViewController.m in Sources */ = {isa = PBXBuildFile; fileRef = 4B46AC361D8E603800BD8694 /* SecondViewController.m */; };
		4B46AC3B1D8E603800BD8694 /* ThirdViewController.m in Sources */ = {isa = PBXBuildFile; fileRef = 4B46AC381D8E603800BD8694 /* ThirdViewController.m */; };
		4B46AC411D8E66C800BD8694 /* ZmjAutoCollectionView.m in Sources */ = {isa = PBXBuildFile; fileRef = 4B46AC3E1D8E66C800BD8694 /* ZmjAutoCollectionView.m */; };
		4B46AC421D8E66C800BD8694 /* ZmjAutoCollectionViewCell.m in Sources */ = {isa = PBXBuildFile; fileRef = 4B46AC401D8E66C800BD8694 /* ZmjAutoCollectionViewCell.m */; };
		4B46AC451D8E676200BD8694 /* HeaderView.m in Sources */ = {isa = PBXBuildFile; fileRef = 4B46AC441D8E676200BD8694 /* HeaderView.m */; };
		4B46AC4B1D8E69B700BD8694 /* 1.jpg in Resources */ = {isa = PBXBuildFile; fileRef = 4B46AC471D8E69B700BD8694 /* 1.jpg */; };
		4B46AC4C1D8E69B700BD8694 /* 2.jpg in Resources */ = {isa = PBXBuildFile; fileRef = 4B46AC481D8E69B700BD8694 /* 2.jpg */; };
		4B46AC4D1D8E69B700BD8694 /* 3.jpg in Resources */ = {isa = PBXBuildFile; fileRef = 4B46AC491D8E69B700BD8694 /* 3.jpg */; };
		4B46AC4E1D8E69B700BD8694 /* zwt.png in Resources */ = {isa = PBXBuildFile; fileRef = 4B46AC4A1D8E69B700BD8694 /* zwt.png */; };
		4B46AC511D8E69DB00BD8694 /* MenuView.m in Sources */ = {isa = PBXBuildFile; fileRef = 4B46AC501D8E69DB00BD8694 /* MenuView.m */; };
		4B46AC541D8E732300BD8694 /* UIView+WKFFrame.m in Sources */ = {isa = PBXBuildFile; fileRef = 4B46AC531D8E732300BD8694 /* UIView+WKFFrame.m */; };
/* End PBXBuildFile section */

/* Begin PBXContainerItemProxy section */
		4B46ABEB1D8E3ADA00BD8694 /* PBXContainerItemProxy */ = {
			isa = PBXContainerItemProxy;
			containerPortal = 4B46ABC91D8E3ADA00BD8694 /* Project object */;
			proxyType = 1;
			remoteGlobalIDString = 4B46ABD01D8E3ADA00BD8694;
			remoteInfo = "分页选择";
		};
		4B46ABF61D8E3ADA00BD8694 /* PBXContainerItemProxy */ = {
			isa = PBXContainerItemProxy;
			containerPortal = 4B46ABC91D8E3ADA00BD8694 /* Project object */;
			proxyType = 1;
			remoteGlobalIDString = 4B46ABD01D8E3ADA00BD8694;
			remoteInfo = "分页选择";
		};
/* End PBXContainerItemProxy section */

/* Begin PBXFileReference section */
		4B46ABD11D8E3ADA00BD8694 /* 分页选择.app */ = {isa = PBXFileReference; explicitFileType = wrapper.application; includeInIndex = 0; path = "分页选择.app"; sourceTree = BUILT_PRODUCTS_DIR; };
		4B46ABD51D8E3ADA00BD8694 /* main.m */ = {isa = PBXFileReference; lastKnownFileType = sourcecode.c.objc; path = main.m; sourceTree = "<group>"; };
		4B46ABD71D8E3ADA00BD8694 /* AppDelegate.h */ = {isa = PBXFileReference; lastKnownFileType = sourcecode.c.h; path = AppDelegate.h; sourceTree = "<group>"; };
		4B46ABD81D8E3ADA00BD8694 /* AppDelegate.m */ = {isa = PBXFileReference; lastKnownFileType = sourcecode.c.objc; path = AppDelegate.m; sourceTree = "<group>"; };
		4B46ABE01D8E3ADA00BD8694 /* Assets.xcassets */ = {isa = PBXFileReference; lastKnownFileType = folder.assetcatalog; path = Assets.xcassets; sourceTree = "<group>"; };
		4B46ABE31D8E3ADA00BD8694 /* Base */ = {isa = PBXFileReference; lastKnownFileType = file.storyboard; name = Base; path = Base.lproj/LaunchScreen.storyboard; sourceTree = "<group>"; };
		4B46ABE51D8E3ADA00BD8694 /* Info.plist */ = {isa = PBXFileReference; lastKnownFileType = text.plist.xml; path = Info.plist; sourceTree = "<group>"; };
		4B46ABEA1D8E3ADA00BD8694 /* 分页选择Tests.xctest */ = {isa = PBXFileReference; explicitFileType = wrapper.cfbundle; includeInIndex = 0; path = "分页选择Tests.xctest"; sourceTree = BUILT_PRODUCTS_DIR; };
		4B46ABEE1D8E3ADA00BD8694 /* ____Tests.m */ = {isa = PBXFileReference; lastKnownFileType = sourcecode.c.objc; path = "____Tests.m"; sourceTree = "<group>"; };
		4B46ABF01D8E3ADA00BD8694 /* Info.plist */ = {isa = PBXFileReference; lastKnownFileType = text.plist.xml; path = Info.plist; sourceTree = "<group>"; };
		4B46ABF51D8E3ADA00BD8694 /* 分页选择UITests.xctest */ = {isa = PBXFileReference; explicitFileType = wrapper.cfbundle; includeInIndex = 0; path = "分页选择UITests.xctest"; sourceTree = BUILT_PRODUCTS_DIR; };
		4B46ABF91D8E3ADA00BD8694 /* ____UITests.m */ = {isa = PBXFileReference; lastKnownFileType = sourcecode.c.objc; path = "____UITests.m"; sourceTree = "<group>"; };
		4B46ABFB1D8E3ADA00BD8694 /* Info.plist */ = {isa = PBXFileReference; lastKnownFileType = text.plist.xml; path = Info.plist; sourceTree = "<group>"; };
		4B46AC071D8E3B2300BD8694 /* RootViewController.h */ = {isa = PBXFileReference; fileEncoding = 4; lastKnownFileType = sourcecode.c.h; path = RootViewController.h; sourceTree = "<group>"; };
		4B46AC081D8E3B2300BD8694 /* RootViewController.m */ = {isa = PBXFileReference; fileEncoding = 4; lastKnownFileType = sourcecode.c.objc; path = RootViewController.m; sourceTree = "<group>"; };
		4B46AC0B1D8E5AE900BD8694 /* LICENSE */ = {isa = PBXFileReference; fileEncoding = 4; lastKnownFileType = text; path = LICENSE; sourceTree = "<group>"; };
		4B46AC0D1D8E5AE900BD8694 /* MASCompositeConstraint.h */ = {isa = PBXFileReference; fileEncoding = 4; lastKnownFileType = sourcecode.c.h; path = MASCompositeConstraint.h; sourceTree = "<group>"; };
		4B46AC0E1D8E5AE900BD8694 /* MASCompositeConstraint.m */ = {isa = PBXFileReference; fileEncoding = 4; lastKnownFileType = sourcecode.c.objc; path = MASCompositeConstraint.m; sourceTree = "<group>"; };
		4B46AC0F1D8E5AE900BD8694 /* MASConstraint+Private.h */ = {isa = PBXFileReference; fileEncoding = 4; lastKnownFileType = sourcecode.c.h; path = "MASConstraint+Private.h"; sourceTree = "<group>"; };
		4B46AC101D8E5AE900BD8694 /* MASConstraint.h */ = {isa = PBXFileReference; fileEncoding = 4; lastKnownFileType = sourcecode.c.h; path = MASConstraint.h; sourceTree = "<group>"; };
		4B46AC111D8E5AE900BD8694 /* MASConstraint.m */ = {isa = PBXFileReference; fileEncoding = 4; lastKnownFileType = sourcecode.c.objc; path = MASConstraint.m; sourceTree = "<group>"; };
		4B46AC121D8E5AE900BD8694 /* MASConstraintMaker.h */ = {isa = PBXFileReference; fileEncoding = 4; lastKnownFileType = sourcecode.c.h; path = MASConstraintMaker.h; sourceTree = "<group>"; };
		4B46AC131D8E5AE900BD8694 /* MASConstraintMaker.m */ = {isa = PBXFileReference; fileEncoding = 4; lastKnownFileType = sourcecode.c.objc; path = MASConstraintMaker.m; sourceTree = "<group>"; };
		4B46AC141D8E5AE900BD8694 /* MASLayoutConstraint.h */ = {isa = PBXFileReference; fileEncoding = 4; lastKnownFileType = sourcecode.c.h; path = MASLayoutConstraint.h; sourceTree = "<group>"; };
		4B46AC151D8E5AE900BD8694 /* MASLayoutConstraint.m */ = {isa = PBXFileReference; fileEncoding = 4; lastKnownFileType = sourcecode.c.objc; path = MASLayoutConstraint.m; sourceTree = "<group>"; };
		4B46AC161D8E5AE900BD8694 /* Masonry.h */ = {isa = PBXFileReference; fileEncoding = 4; lastKnownFileType = sourcecode.c.h; path = Masonry.h; sourceTree = "<group>"; };
		4B46AC171D8E5AE900BD8694 /* MASUtilities.h */ = {isa = PBXFileReference; fileEncoding = 4; lastKnownFileType = sourcecode.c.h; path = MASUtilities.h; sourceTree = "<group>"; };
		4B46AC181D8E5AE900BD8694 /* MASViewAttribute.h */ = {isa = PBXFileReference; fileEncoding = 4; lastKnownFileType = sourcecode.c.h; path = MASViewAttribute.h; sourceTree = "<group>"; };
		4B46AC191D8E5AE900BD8694 /* MASViewAttribute.m */ = {isa = PBXFileReference; fileEncoding = 4; lastKnownFileType = sourcecode.c.objc; path = MASViewAttribute.m; sourceTree = "<group>"; };
		4B46AC1A1D8E5AE900BD8694 /* MASViewConstraint.h */ = {isa = PBXFileReference; fileEncoding = 4; lastKnownFileType = sourcecode.c.h; path = MASViewConstraint.h; sourceTree = "<group>"; };
		4B46AC1B1D8E5AE900BD8694 /* MASViewConstraint.m */ = {isa = PBXFileReference; fileEncoding = 4; lastKnownFileType = sourcecode.c.objc; path = MASViewConstraint.m; sourceTree = "<group>"; };
		4B46AC1C1D8E5AE900BD8694 /* NSArray+MASAdditions.h */ = {isa = PBXFileReference; fileEncoding = 4; lastKnownFileType = sourcecode.c.h; path = "NSArray+MASAdditions.h"; sourceTree = "<group>"; };
		4B46AC1D1D8E5AE900BD8694 /* NSArray+MASAdditions.m */ = {isa = PBXFileReference; fileEncoding = 4; lastKnownFileType = sourcecode.c.objc; path = "NSArray+MASAdditions.m"; sourceTree = "<group>"; };
		4B46AC1E1D8E5AE900BD8694 /* NSArray+MASShorthandAdditions.h */ = {isa = PBXFileReference; fileEncoding = 4; lastKnownFileType = sourcecode.c.h; path = "NSArray+MASShorthandAdditions.h"; sourceTree = "<group>"; };
		4B46AC1F1D8E5AE900BD8694 /* NSLayoutConstraint+MASDebugAdditions.h */ = {isa = PBXFileReference; fileEncoding = 4; lastKnownFileType = sourcecode.c.h; path = "NSLayoutConstraint+MASDebugAdditions.h"; sourceTree = "<group>"; };
		4B46AC201D8E5AE900BD8694 /* NSLayoutConstraint+MASDebugAdditions.m */ = {isa = PBXFileReference; fileEncoding = 4; lastKnownFileType = sourcecode.c.objc; path = "NSLayoutConstraint+MASDebugAdditions.m"; sourceTree = "<group>"; };
		4B46AC211D8E5AE900BD8694 /* View+MASAdditions.h */ = {isa = PBXFileReference; fileEncoding = 4; lastKnownFileType = sourcecode.c.h; path = "View+MASAdditions.h"; sourceTree = "<group>"; };
		4B46AC221D8E5AE900BD8694 /* View+MASAdditions.m */ = {isa = PBXFileReference; fileEncoding = 4; lastKnownFileType = sourcecode.c.objc; path = "View+MASAdditions.m"; sourceTree = "<group>"; };
		4B46AC231D8E5AE900BD8694 /* View+MASShorthandAdditions.h */ = {isa = PBXFileReference; fileEncoding = 4; lastKnownFileType = sourcecode.c.h; path = "View+MASShorthandAdditions.h"; sourceTree = "<group>"; };
		4B46AC241D8E5AE900BD8694 /* ViewController+MASAdditions.h */ = {isa = PBXFileReference; fileEncoding = 4; lastKnownFileType = sourcecode.c.h; path = "ViewController+MASAdditions.h"; sourceTree = "<group>"; };
		4B46AC251D8E5AE900BD8694 /* ViewController+MASAdditions.m */ = {isa = PBXFileReference; fileEncoding = 4; lastKnownFileType = sourcecode.c.objc; path = "ViewController+MASAdditions.m"; sourceTree = "<group>"; };
		4B46AC261D8E5AE900BD8694 /* README.md */ = {isa = PBXFileReference; fileEncoding = 4; lastKnownFileType = net.daringfireball.markdown; path = README.md; sourceTree = "<group>"; };
		4B46AC331D8E603800BD8694 /* FirstViewController.h */ = {isa = PBXFileReference; fileEncoding = 4; lastKnownFileType = sourcecode.c.h; path = FirstViewController.h; sourceTree = "<group>"; };
		4B46AC341D8E603800BD8694 /* FirstViewController.m */ = {isa = PBXFileReference; fileEncoding = 4; lastKnownFileType = sourcecode.c.objc; path = FirstViewController.m; sourceTree = "<group>"; };
		4B46AC351D8E603800BD8694 /* SecondViewController.h */ = {isa = PBXFileReference; fileEncoding = 4; lastKnownFileType = sourcecode.c.h; path = SecondViewController.h; sourceTree = "<group>"; };
		4B46AC361D8E603800BD8694 /* SecondViewController.m */ = {isa = PBXFileReference; fileEncoding = 4; lastKnownFileType = sourcecode.c.objc; path = SecondViewController.m; sourceTree = "<group>"; };
		4B46AC371D8E603800BD8694 /* ThirdViewController.h */ = {isa = PBXFileReference; fileEncoding = 4; lastKnownFileType = sourcecode.c.h; path = ThirdViewController.h; sourceTree = "<group>"; };
		4B46AC381D8E603800BD8694 /* ThirdViewController.m */ = {isa = PBXFileReference; fileEncoding = 4; lastKnownFileType = sourcecode.c.objc; path = ThirdViewController.m; sourceTree = "<group>"; };
		4B46AC3D1D8E66C800BD8694 /* ZmjAutoCollectionView.h */ = {isa = PBXFileReference; fileEncoding = 4; lastKnownFileType = sourcecode.c.h; path = ZmjAutoCollectionView.h; sourceTree = "<group>"; };
		4B46AC3E1D8E66C800BD8694 /* ZmjAutoCollectionView.m */ = {isa = PBXFileReference; fileEncoding = 4; lastKnownFileType = sourcecode.c.objc; path = ZmjAutoCollectionView.m; sourceTree = "<group>"; };
		4B46AC3F1D8E66C800BD8694 /* ZmjAutoCollectionViewCell.h */ = {isa = PBXFileReference; fileEncoding = 4; lastKnownFileType = sourcecode.c.h; path = ZmjAutoCollectionViewCell.h; sourceTree = "<group>"; };
		4B46AC401D8E66C800BD8694 /* ZmjAutoCollectionViewCell.m */ = {isa = PBXFileReference; fileEncoding = 4; lastKnownFileType = sourcecode.c.objc; path = ZmjAutoCollectionViewCell.m; sourceTree = "<group>"; };
		4B46AC431D8E676200BD8694 /* HeaderView.h */ = {isa = PBXFileReference; fileEncoding = 4; lastKnownFileType = sourcecode.c.h; path = HeaderView.h; sourceTree = "<group>"; };
		4B46AC441D8E676200BD8694 /* HeaderView.m */ = {isa = PBXFileReference; fileEncoding = 4; lastKnownFileType = sourcecode.c.objc; path = HeaderView.m; sourceTree = "<group>"; };
		4B46AC471D8E69B700BD8694 /* 1.jpg */ = {isa = PBXFileReference; lastKnownFileType = image.jpeg; path = 1.jpg; sourceTree = "<group>"; };
		4B46AC481D8E69B700BD8694 /* 2.jpg */ = {isa = PBXFileReference; lastKnownFileType = image.jpeg; path = 2.jpg; sourceTree = "<group>"; };
		4B46AC491D8E69B700BD8694 /* 3.jpg */ = {isa = PBXFileReference; lastKnownFileType = image.jpeg; path = 3.jpg; sourceTree = "<group>"; };
		4B46AC4A1D8E69B700BD8694 /* zwt.png */ = {isa = PBXFileReference; lastKnownFileType = image.png; path = zwt.png; sourceTree = "<group>"; };
		4B46AC4F1D8E69DB00BD8694 /* MenuView.h */ = {isa = PBXFileReference; fileEncoding = 4; lastKnownFileType = sourcecode.c.h; path = MenuView.h; sourceTree = "<group>"; };
		4B46AC501D8E69DB00BD8694 /* MenuView.m */ = {isa = PBXFileReference; fileEncoding = 4; lastKnownFileType = sourcecode.c.objc; path = MenuView.m; sourceTree = "<group>"; };
		4B46AC521D8E732300BD8694 /* UIView+WKFFrame.h */ = {isa = PBXFileReference; fileEncoding = 4; lastKnownFileType = sourcecode.c.h; path = "UIView+WKFFrame.h"; sourceTree = "<group>"; };
		4B46AC531D8E732300BD8694 /* UIView+WKFFrame.m */ = {isa = PBXFileReference; fileEncoding = 4; lastKnownFileType = sourcecode.c.objc; path = "UIView+WKFFrame.m"; sourceTree = "<group>"; };
/* End PBXFileReference section */

/* Begin PBXFrameworksBuildPhase section */
		4B46ABCE1D8E3ADA00BD8694 /* Frameworks */ = {
			isa = PBXFrameworksBuildPhase;
			buildActionMask = 2147483647;
			files = (
			);
			runOnlyForDeploymentPostprocessing = 0;
		};
		4B46ABE71D8E3ADA00BD8694 /* Frameworks */ = {
			isa = PBXFrameworksBuildPhase;
			buildActionMask = 2147483647;
			files = (
			);
			runOnlyForDeploymentPostprocessing = 0;
		};
		4B46ABF21D8E3ADA00BD8694 /* Frameworks */ = {
			isa = PBXFrameworksBuildPhase;
			buildActionMask = 2147483647;
			files = (
			);
			runOnlyForDeploymentPostprocessing = 0;
		};
/* End PBXFrameworksBuildPhase section */

/* Begin PBXGroup section */
		4B46ABC81D8E3ADA00BD8694 = {
			isa = PBXGroup;
			children = (
				4B46ABD31D8E3ADA00BD8694 /* 分页选择 */,
				4B46ABED1D8E3ADA00BD8694 /* 分页选择Tests */,
				4B46ABF81D8E3ADA00BD8694 /* 分页选择UITests */,
				4B46ABD21D8E3ADA00BD8694 /* Products */,
			);
			sourceTree = "<group>";
		};
		4B46ABD21D8E3ADA00BD8694 /* Products */ = {
			isa = PBXGroup;
			children = (
				4B46ABD11D8E3ADA00BD8694 /* 分页选择.app */,
				4B46ABEA1D8E3ADA00BD8694 /* 分页选择Tests.xctest */,
				4B46ABF51D8E3ADA00BD8694 /* 分页选择UITests.xctest */,
			);
			name = Products;
			sourceTree = "<group>";
		};
		4B46ABD31D8E3ADA00BD8694 /* 分页选择 */ = {
			isa = PBXGroup;
			children = (
				4B46ABD71D8E3ADA00BD8694 /* AppDelegate.h */,
				4B46ABD81D8E3ADA00BD8694 /* AppDelegate.m */,
				4B46AC0A1D8E5AE900BD8694 /* Masonry */,
				4B46AC071D8E3B2300BD8694 /* RootViewController.h */,
				4B46AC081D8E3B2300BD8694 /* RootViewController.m */,
				4B46AC331D8E603800BD8694 /* FirstViewController.h */,
				4B46AC341D8E603800BD8694 /* FirstViewController.m */,
				4B46AC351D8E603800BD8694 /* SecondViewController.h */,
				4B46AC361D8E603800BD8694 /* SecondViewController.m */,
				4B46AC371D8E603800BD8694 /* ThirdViewController.h */,
				4B46AC381D8E603800BD8694 /* ThirdViewController.m */,
				4B46AC431D8E676200BD8694 /* HeaderView.h */,
				4B46AC441D8E676200BD8694 /* HeaderView.m */,
				4B46AC4F1D8E69DB00BD8694 /* MenuView.h */,
				4B46AC501D8E69DB00BD8694 /* MenuView.m */,
				4B46AC521D8E732300BD8694 /* UIView+WKFFrame.h */,
				4B46AC531D8E732300BD8694 /* UIView+WKFFrame.m */,
				4B46AC461D8E69B700BD8694 /* Pic */,
				4B46AC3C1D8E66C800BD8694 /* ZmjAutoCollectionView */,
				4B46ABE01D8E3ADA00BD8694 /* Assets.xcassets */,
				4B46ABE21D8E3ADA00BD8694 /* LaunchScreen.storyboard */,
				4B46ABE51D8E3ADA00BD8694 /* Info.plist */,
				4B46ABD41D8E3ADA00BD8694 /* Supporting Files */,
			);
			path = "分页选择";
			sourceTree = "<group>";
		};
		4B46ABD41D8E3ADA00BD8694 /* Supporting Files */ = {
			isa = PBXGroup;
			children = (
				4B46ABD51D8E3ADA00BD8694 /* main.m */,
			);
			name = "Supporting Files";
			sourceTree = "<group>";
		};
		4B46ABED1D8E3ADA00BD8694 /* 分页选择Tests */ = {
			isa = PBXGroup;
			children = (
				4B46ABEE1D8E3ADA00BD8694 /* ____Tests.m */,
				4B46ABF01D8E3ADA00BD8694 /* Info.plist */,
			);
			path = "分页选择Tests";
			sourceTree = "<group>";
		};
		4B46ABF81D8E3ADA00BD8694 /* 分页选择UITests */ = {
			isa = PBXGroup;
			children = (
				4B46ABF91D8E3ADA00BD8694 /* ____UITests.m */,
				4B46ABFB1D8E3ADA00BD8694 /* Info.plist */,
			);
			path = "分页选择UITests";
			sourceTree = "<group>";
		};
		4B46AC0A1D8E5AE900BD8694 /* Masonry */ = {
			isa = PBXGroup;
			children = (
				4B46AC0B1D8E5AE900BD8694 /* LICENSE */,
				4B46AC0C1D8E5AE900BD8694 /* Masonry */,
				4B46AC261D8E5AE900BD8694 /* README.md */,
			);
			path = Masonry;
			sourceTree = "<group>";
		};
		4B46AC0C1D8E5AE900BD8694 /* Masonry */ = {
			isa = PBXGroup;
			children = (
				4B46AC0D1D8E5AE900BD8694 /* MASCompositeConstraint.h */,
				4B46AC0E1D8E5AE900BD8694 /* MASCompositeConstraint.m */,
				4B46AC0F1D8E5AE900BD8694 /* MASConstraint+Private.h */,
				4B46AC101D8E5AE900BD8694 /* MASConstraint.h */,
				4B46AC111D8E5AE900BD8694 /* MASConstraint.m */,
				4B46AC121D8E5AE900BD8694 /* MASConstraintMaker.h */,
				4B46AC131D8E5AE900BD8694 /* MASConstraintMaker.m */,
				4B46AC141D8E5AE900BD8694 /* MASLayoutConstraint.h */,
				4B46AC151D8E5AE900BD8694 /* MASLayoutConstraint.m */,
				4B46AC161D8E5AE900BD8694 /* Masonry.h */,
				4B46AC171D8E5AE900BD8694 /* MASUtilities.h */,
				4B46AC181D8E5AE900BD8694 /* MASViewAttribute.h */,
				4B46AC191D8E5AE900BD8694 /* MASViewAttribute.m */,
				4B46AC1A1D8E5AE900BD8694 /* MASViewConstraint.h */,
				4B46AC1B1D8E5AE900BD8694 /* MASViewConstraint.m */,
				4B46AC1C1D8E5AE900BD8694 /* NSArray+MASAdditions.h */,
				4B46AC1D1D8E5AE900BD8694 /* NSArray+MASAdditions.m */,
				4B46AC1E1D8E5AE900BD8694 /* NSArray+MASShorthandAdditions.h */,
				4B46AC1F1D8E5AE900BD8694 /* NSLayoutConstraint+MASDebugAdditions.h */,
				4B46AC201D8E5AE900BD8694 /* NSLayoutConstraint+MASDebugAdditions.m */,
				4B46AC211D8E5AE900BD8694 /* View+MASAdditions.h */,
				4B46AC221D8E5AE900BD8694 /* View+MASAdditions.m */,
				4B46AC231D8E5AE900BD8694 /* View+MASShorthandAdditions.h */,
				4B46AC241D8E5AE900BD8694 /* ViewController+MASAdditions.h */,
				4B46AC251D8E5AE900BD8694 /* ViewController+MASAdditions.m */,
			);
			path = Masonry;
			sourceTree = "<group>";
		};
		4B46AC3C1D8E66C800BD8694 /* ZmjAutoCollectionView */ = {
			isa = PBXGroup;
			children = (
				4B46AC3D1D8E66C800BD8694 /* ZmjAutoCollectionView.h */,
				4B46AC3E1D8E66C800BD8694 /* ZmjAutoCollectionView.m */,
				4B46AC3F1D8E66C800BD8694 /* ZmjAutoCollectionViewCell.h */,
				4B46AC401D8E66C800BD8694 /* ZmjAutoCollectionViewCell.m */,
			);
			path = ZmjAutoCollectionView;
			sourceTree = "<group>";
		};
		4B46AC461D8E69B700BD8694 /* Pic */ = {
			isa = PBXGroup;
			children = (
				4B46AC471D8E69B700BD8694 /* 1.jpg */,
				4B46AC481D8E69B700BD8694 /* 2.jpg */,
				4B46AC491D8E69B700BD8694 /* 3.jpg */,
				4B46AC4A1D8E69B700BD8694 /* zwt.png */,
			);
			path = Pic;
			sourceTree = "<group>";
		};
/* End PBXGroup section */

/* Begin PBXNativeTarget section */
		4B46ABD01D8E3ADA00BD8694 /* 分页选择 */ = {
			isa = PBXNativeTarget;
			buildConfigurationList = 4B46ABFE1D8E3ADA00BD8694 /* Build configuration list for PBXNativeTarget "分页选择" */;
			buildPhases = (
				4B46ABCD1D8E3ADA00BD8694 /* Sources */,
				4B46ABCE1D8E3ADA00BD8694 /* Frameworks */,
				4B46ABCF1D8E3ADA00BD8694 /* Resources */,
			);
			buildRules = (
			);
			dependencies = (
			);
			name = "分页选择";
			productName = "分页选择";
			productReference = 4B46ABD11D8E3ADA00BD8694 /* 分页选择.app */;
			productType = "com.apple.product-type.application";
		};
		4B46ABE91D8E3ADA00BD8694 /* 分页选择Tests */ = {
			isa = PBXNativeTarget;
			buildConfigurationList = 4B46AC011D8E3ADA00BD8694 /* Build configuration list for PBXNativeTarget "分页选择Tests" */;
			buildPhases = (
				4B46ABE61D8E3ADA00BD8694 /* Sources */,
				4B46ABE71D8E3ADA00BD8694 /* Frameworks */,
				4B46ABE81D8E3ADA00BD8694 /* Resources */,
			);
			buildRules = (
			);
			dependencies = (
				4B46ABEC1D8E3ADA00BD8694 /* PBXTargetDependency */,
			);
			name = "分页选择Tests";
			productName = "分页选择Tests";
			productReference = 4B46ABEA1D8E3ADA00BD8694 /* 分页选择Tests.xctest */;
			productType = "com.apple.product-type.bundle.unit-test";
		};
		4B46ABF41D8E3ADA00BD8694 /* 分页选择UITests */ = {
			isa = PBXNativeTarget;
			buildConfigurationList = 4B46AC041D8E3ADA00BD8694 /* Build configuration list for PBXNativeTarget "分页选择UITests" */;
			buildPhases = (
				4B46ABF11D8E3ADA00BD8694 /* Sources */,
				4B46ABF21D8E3ADA00BD8694 /* Frameworks */,
				4B46ABF31D8E3ADA00BD8694 /* Resources */,
			);
			buildRules = (
			);
			dependencies = (
				4B46ABF71D8E3ADA00BD8694 /* PBXTargetDependency */,
			);
			name = "分页选择UITests";
			productName = "分页选择UITests";
			productReference = 4B46ABF51D8E3ADA00BD8694 /* 分页选择UITests.xctest */;
			productType = "com.apple.product-type.bundle.ui-testing";
		};
/* End PBXNativeTarget section */

/* Begin PBXProject section */
		4B46ABC91D8E3ADA00BD8694 /* Project object */ = {
			isa = PBXProject;
			attributes = {
				LastUpgradeCheck = 0730;
				ORGANIZATIONNAME = "郑敏捷";
				TargetAttributes = {
					4B46ABD01D8E3ADA00BD8694 = {
						CreatedOnToolsVersion = 7.3.1;
						DevelopmentTeam = 29DEX85WKV;
					};
					4B46ABE91D8E3ADA00BD8694 = {
						CreatedOnToolsVersion = 7.3.1;
						TestTargetID = 4B46ABD01D8E3ADA00BD8694;
					};
					4B46ABF41D8E3ADA00BD8694 = {
						CreatedOnToolsVersion = 7.3.1;
						TestTargetID = 4B46ABD01D8E3ADA00BD8694;
					};
				};
			};
			buildConfigurationList = 4B46ABCC1D8E3ADA00BD8694 /* Build configuration list for PBXProject "分页选择" */;
			compatibilityVersion = "Xcode 3.2";
			developmentRegion = English;
			hasScannedForEncodings = 0;
			knownRegions = (
				en,
				Base,
			);
			mainGroup = 4B46ABC81D8E3ADA00BD8694;
			productRefGroup = 4B46ABD21D8E3ADA00BD8694 /* Products */;
			projectDirPath = "";
			projectRoot = "";
			targets = (
				4B46ABD01D8E3ADA00BD8694 /* 分页选择 */,
				4B46ABE91D8E3ADA00BD8694 /* 分页选择Tests */,
				4B46ABF41D8E3ADA00BD8694 /* 分页选择UITests */,
			);
		};
/* End PBXProject section */

/* Begin PBXResourcesBuildPhase section */
		4B46ABCF1D8E3ADA00BD8694 /* Resources */ = {
			isa = PBXResourcesBuildPhase;
			buildActionMask = 2147483647;
			files = (
				4B46AC271D8E5AE900BD8694 /* LICENSE in Resources */,
				4B46AC4B1D8E69B700BD8694 /* 1.jpg in Resources */,
				4B46AC4C1D8E69B700BD8694 /* 2.jpg in Resources */,
				4B46AC4D1D8E69B700BD8694 /* 3.jpg in Resources */,
				4B46ABE41D8E3ADA00BD8694 /* LaunchScreen.storyboard in Resources */,
				4B46ABE11D8E3ADA00BD8694 /* Assets.xcassets in Resources */,
				4B46AC4E1D8E69B700BD8694 /* zwt.png in Resources */,
			);
			runOnlyForDeploymentPostprocessing = 0;
		};
		4B46ABE81D8E3ADA00BD8694 /* Resources */ = {
			isa = PBXResourcesBuildPhase;
			buildActionMask = 2147483647;
			files = (
			);
			runOnlyForDeploymentPostprocessing = 0;
		};
		4B46ABF31D8E3ADA00BD8694 /* Resources */ = {
			isa = PBXResourcesBuildPhase;
			buildActionMask = 2147483647;
			files = (
			);
			runOnlyForDeploymentPostprocessing = 0;
		};
/* End PBXResourcesBuildPhase section */

/* Begin PBXSourcesBuildPhase section */
		4B46ABCD1D8E3ADA00BD8694 /* Sources */ = {
			isa = PBXSourcesBuildPhase;
			buildActionMask = 2147483647;
			files = (
				4B46AC421D8E66C800BD8694 /* ZmjAutoCollectionViewCell.m in Sources */,
				4B46AC2F1D8E5AE900BD8694 /* NSLayoutConstraint+MASDebugAdditions.m in Sources */,
				4B46AC2D1D8E5AE900BD8694 /* MASViewConstraint.m in Sources */,
				4B46AC541D8E732300BD8694 /* UIView+WKFFrame.m in Sources */,
				4B46AC281D8E5AE900BD8694 /* MASCompositeConstraint.m in Sources */,
				4B46AC2E1D8E5AE900BD8694 /* NSArray+MASAdditions.m in Sources */,
				4B46ABD91D8E3ADA00BD8694 /* AppDelegate.m in Sources */,
				4B46ABD61D8E3ADA00BD8694 /* main.m in Sources */,
				4B46AC2B1D8E5AE900BD8694 /* MASLayoutConstraint.m in Sources */,
				4B46AC3B1D8E603800BD8694 /* ThirdViewController.m in Sources */,
				4B46AC391D8E603800BD8694 /* FirstViewController.m in Sources */,
				4B46AC091D8E3B2300BD8694 /* RootViewController.m in Sources */,
				4B46AC451D8E676200BD8694 /* HeaderView.m in Sources */,
				4B46AC311D8E5AE900BD8694 /* ViewController+MASAdditions.m in Sources */,
				4B46AC301D8E5AE900BD8694 /* View+MASAdditions.m in Sources */,
				4B46AC321D8E5AE900BD8694 /* README.md in Sources */,
				4B46AC3A1D8E603800BD8694 /* SecondViewController.m in Sources */,
				4B46AC2C1D8E5AE900BD8694 /* MASViewAttribute.m in Sources */,
				4B46AC411D8E66C800BD8694 /* ZmjAutoCollectionView.m in Sources */,
				4B46AC291D8E5AE900BD8694 /* MASConstraint.m in Sources */,
				4B46AC2A1D8E5AE900BD8694 /* MASConstraintMaker.m in Sources */,
				4B46AC511D8E69DB00BD8694 /* MenuView.m in Sources */,
			);
			runOnlyForDeploymentPostprocessing = 0;
		};
		4B46ABE61D8E3ADA00BD8694 /* Sources */ = {
			isa = PBXSourcesBuildPhase;
			buildActionMask = 2147483647;
			files = (
				4B46ABEF1D8E3ADA00BD8694 /* ____Tests.m in Sources */,
			);
			runOnlyForDeploymentPostprocessing = 0;
		};
		4B46ABF11D8E3ADA00BD8694 /* Sources */ = {
			isa = PBXSourcesBuildPhase;
			buildActionMask = 2147483647;
			files = (
				4B46ABFA1D8E3ADA00BD8694 /* ____UITests.m in Sources */,
			);
			runOnlyForDeploymentPostprocessing = 0;
		};
/* End PBXSourcesBuildPhase section */

/* Begin PBXTargetDependency section */
		4B46ABEC1D8E3ADA00BD8694 /* PBXTargetDependency */ = {
			isa = PBXTargetDependency;
			target = 4B46ABD01D8E3ADA00BD8694 /* 分页选择 */;
			targetProxy = 4B46ABEB1D8E3ADA00BD8694 /* PBXContainerItemProxy */;
		};
		4B46ABF71D8E3ADA00BD8694 /* PBXTargetDependency */ = {
			isa = PBXTargetDependency;
			target = 4B46ABD01D8E3ADA00BD8694 /* 分页选择 */;
			targetProxy = 4B46ABF61D8E3ADA00BD8694 /* PBXContainerItemProxy */;
		};
/* End PBXTargetDependency section */

/* Begin PBXVariantGroup section */
		4B46ABE21D8E3ADA00BD8694 /* LaunchScreen.storyboard */ = {
			isa = PBXVariantGroup;
			children = (
				4B46ABE31D8E3ADA00BD8694 /* Base */,
			);
			name = LaunchScreen.storyboard;
			sourceTree = "<group>";
		};
/* End PBXVariantGroup section */

/* Begin XCBuildConfiguration section */
		4B46ABFC1D8E3ADA00BD8694 /* Debug */ = {
			isa = XCBuildConfiguration;
			buildSettings = {
				ALWAYS_SEARCH_USER_PATHS = NO;
				CLANG_ANALYZER_NONNULL = YES;
				CLANG_CXX_LANGUAGE_STANDARD = "gnu++0x";
				CLANG_CXX_LIBRARY = "libc++";
				CLANG_ENABLE_MODULES = YES;
				CLANG_ENABLE_OBJC_ARC = YES;
				CLANG_WARN_BOOL_CONVERSION = YES;
				CLANG_WARN_CONSTANT_CONVERSION = YES;
				CLANG_WARN_DIRECT_OBJC_ISA_USAGE = YES_ERROR;
				CLANG_WARN_EMPTY_BODY = YES;
				CLANG_WARN_ENUM_CONVERSION = YES;
				CLANG_WARN_INT_CONVERSION = YES;
				CLANG_WARN_OBJC_ROOT_CLASS = YES_ERROR;
				CLANG_WARN_UNREACHABLE_CODE = YES;
				CLANG_WARN__DUPLICATE_METHOD_MATCH = YES;
				"CODE_SIGN_IDENTITY[sdk=iphoneos*]" = "iPhone Developer";
				COPY_PHASE_STRIP = NO;
				DEBUG_INFORMATION_FORMAT = dwarf;
				ENABLE_STRICT_OBJC_MSGSEND = YES;
				ENABLE_TESTABILITY = YES;
				GCC_C_LANGUAGE_STANDARD = gnu99;
				GCC_DYNAMIC_NO_PIC = NO;
				GCC_NO_COMMON_BLOCKS = YES;
				GCC_OPTIMIZATION_LEVEL = 0;
				GCC_PREPROCESSOR_DEFINITIONS = (
					"DEBUG=1",
					"$(inherited)",
				);
				GCC_WARN_64_TO_32_BIT_CONVERSION = YES;
				GCC_WARN_ABOUT_RETURN_TYPE = YES_ERROR;
				GCC_WARN_UNDECLARED_SELECTOR = YES;
				GCC_WARN_UNINITIALIZED_AUTOS = YES_AGGRESSIVE;
				GCC_WARN_UNUSED_FUNCTION = YES;
				GCC_WARN_UNUSED_VARIABLE = YES;
				IPHONEOS_DEPLOYMENT_TARGET = 9.3;
				MTL_ENABLE_DEBUG_INFO = YES;
				ONLY_ACTIVE_ARCH = YES;
				SDKROOT = iphoneos;
			};
			name = Debug;
		};
		4B46ABFD1D8E3ADA00BD8694 /* Release */ = {
			isa = XCBuildConfiguration;
			buildSettings = {
				ALWAYS_SEARCH_USER_PATHS = NO;
				CLANG_ANALYZER_NONNULL = YES;
				CLANG_CXX_LANGUAGE_STANDARD = "gnu++0x";
				CLANG_CXX_LIBRARY = "libc++";
				CLANG_ENABLE_MODULES = YES;
				CLANG_ENABLE_OBJC_ARC = YES;
				CLANG_WARN_BOOL_CONVERSION = YES;
				CLANG_WARN_CONSTANT_CONVERSION = YES;
				CLANG_WARN_DIRECT_OBJC_ISA_USAGE = YES_ERROR;
				CLANG_WARN_EMPTY_BODY = YES;
				CLANG_WARN_ENUM_CONVERSION = YES;
				CLANG_WARN_INT_CONVERSION = YES;
				CLANG_WARN_OBJC_ROOT_CLASS = YES_ERROR;
				CLANG_WARN_UNREACHABLE_CODE = YES;
				CLANG_WARN__DUPLICATE_METHOD_MATCH = YES;
				"CODE_SIGN_IDENTITY[sdk=iphoneos*]" = "iPhone Developer";
				COPY_PHASE_STRIP = NO;
				DEBUG_INFORMATION_FORMAT = "dwarf-with-dsym";
				ENABLE_NS_ASSERTIONS = NO;
				ENABLE_STRICT_OBJC_MSGSEND = YES;
				GCC_C_LANGUAGE_STANDARD = gnu99;
				GCC_NO_COMMON_BLOCKS = YES;
				GCC_WARN_64_TO_32_BIT_CONVERSION = YES;
				GCC_WARN_ABOUT_RETURN_TYPE = YES_ERROR;
				GCC_WARN_UNDECLARED_SELECTOR = YES;
				GCC_WARN_UNINITIALIZED_AUTOS = YES_AGGRESSIVE;
				GCC_WARN_UNUSED_FUNCTION = YES;
				GCC_WARN_UNUSED_VARIABLE = YES;
				IPHONEOS_DEPLOYMENT_TARGET = 9.3;
				MTL_ENABLE_DEBUG_INFO = NO;
				SDKROOT = iphoneos;
				VALIDATE_PRODUCT = YES;
			};
			name = Release;
		};
		4B46ABFF1D8E3ADA00BD8694 /* Debug */ = {
			isa = XCBuildConfiguration;
			buildSettings = {
				ASSETCATALOG_COMPILER_APPICON_NAME = AppIcon;
				CODE_SIGN_IDENTITY = "iPhone Developer";
				DEVELOPMENT_TEAM = 29DEX85WKV;
				INFOPLIST_FILE = "分页选择/Info.plist";
				IPHONEOS_DEPLOYMENT_TARGET = 8.0;
				LD_RUNPATH_SEARCH_PATHS = "$(inherited) @executable_path/Frameworks";
				PRODUCT_BUNDLE_IDENTIFIER = com.zmjie.fenduan;
				PRODUCT_NAME = "$(TARGET_NAME)";
			};
			name = Debug;
		};
		4B46AC001D8E3ADA00BD8694 /* Release */ = {
			isa = XCBuildConfiguration;
			buildSettings = {
				ASSETCATALOG_COMPILER_APPICON_NAME = AppIcon;
				CODE_SIGN_IDENTITY = "iPhone Developer";
				DEVELOPMENT_TEAM = 29DEX85WKV;
				INFOPLIST_FILE = "分页选择/Info.plist";
				IPHONEOS_DEPLOYMENT_TARGET = 8.0;
				LD_RUNPATH_SEARCH_PATHS = "$(inherited) @executable_path/Frameworks";
				PRODUCT_BUNDLE_IDENTIFIER = com.zmjie.fenduan;
				PRODUCT_NAME = "$(TARGET_NAME)";
			};
			name = Release;
		};
		4B46AC021D8E3ADA00BD8694 /* Debug */ = {
			isa = XCBuildConfiguration;
			buildSettings = {
				BUNDLE_LOADER = "$(TEST_HOST)";
				INFOPLIST_FILE = "分页选择Tests/Info.plist";
				LD_RUNPATH_SEARCH_PATHS = "$(inherited) @executable_path/Frameworks @loader_path/Frameworks";
				PRODUCT_BUNDLE_IDENTIFIER = "com.zmjie.----Tests";
				PRODUCT_NAME = "$(TARGET_NAME)";
				TEST_HOST = "$(BUILT_PRODUCTS_DIR)/分页选择.app/分页选择";
			};
			name = Debug;
		};
		4B46AC031D8E3ADA00BD8694 /* Release */ = {
			isa = XCBuildConfiguration;
			buildSettings = {
				BUNDLE_LOADER = "$(TEST_HOST)";
				INFOPLIST_FILE = "分页选择Tests/Info.plist";
				LD_RUNPATH_SEARCH_PATHS = "$(inherited) @executable_path/Frameworks @loader_path/Frameworks";
				PRODUCT_BUNDLE_IDENTIFIER = "com.zmjie.----Tests";
				PRODUCT_NAME = "$(TARGET_NAME)";
				TEST_HOST = "$(BUILT_PRODUCTS_DIR)/分页选择.app/分页选择";
			};
			name = Release;
		};
		4B46AC051D8E3ADA00BD8694 /* Debug */ = {
			isa = XCBuildConfiguration;
			buildSettings = {
				INFOPLIST_FILE = "分页选择UITests/Info.plist";
				LD_RUNPATH_SEARCH_PATHS = "$(inherited) @executable_path/Frameworks @loader_path/Frameworks";
				PRODUCT_BUNDLE_IDENTIFIER = "com.zmjie.----UITests";
				PRODUCT_NAME = "$(TARGET_NAME)";
				TEST_TARGET_NAME = "分页选择";
			};
			name = Debug;
		};
		4B46AC061D8E3ADA00BD8694 /* Release */ = {
			isa = XCBuildConfiguration;
			buildSettings = {
				INFOPLIST_FILE = "分页选择UITests/Info.plist";
				LD_RUNPATH_SEARCH_PATHS = "$(inherited) @executable_path/Frameworks @loader_path/Frameworks";
				PRODUCT_BUNDLE_IDENTIFIER = "com.zmjie.----UITests";
				PRODUCT_NAME = "$(TARGET_NAME)";
				TEST_TARGET_NAME = "分页选择";
			};
			name = Release;
		};
/* End XCBuildConfiguration section */

/* Begin XCConfigurationList section */
		4B46ABCC1D8E3ADA00BD8694 /* Build configuration list for PBXProject "分页选择" */ = {
			isa = XCConfigurationList;
			buildConfigurations = (
				4B46ABFC1D8E3ADA00BD8694 /* Debug */,
				4B46ABFD1D8E3ADA00BD8694 /* Release */,
			);
			defaultConfigurationIsVisible = 0;
			defaultConfigurationName = Release;
		};
		4B46ABFE1D8E3ADA00BD8694 /* Build configuration list for PBXNativeTarget "分页选择" */ = {
			isa = XCConfigurationList;
			buildConfigurations = (
				4B46ABFF1D8E3ADA00BD8694 /* Debug */,
				4B46AC001D8E3ADA00BD8694 /* Release */,
			);
			defaultConfigurationIsVisible = 0;
			defaultConfigurationName = Release;
		};
		4B46AC011D8E3ADA00BD8694 /* Build configuration list for PBXNativeTarget "分页选择Tests" */ = {
			isa = XCConfigurationList;
			buildConfigurations = (
				4B46AC021D8E3ADA00BD8694 /* Debug */,
				4B46AC031D8E3ADA00BD8694 /* Release */,
			);
			defaultConfigurationIsVisible = 0;
			defaultConfigurationName = Release;
		};
		4B46AC041D8E3ADA00BD8694 /* Build configuration list for PBXNativeTarget "分页选择UITests" */ = {
			isa = XCConfigurationList;
			buildConfigurations = (
				4B46AC051D8E3ADA00BD8694 /* Debug */,
				4B46AC061D8E3ADA00BD8694 /* Release */,
			);
			defaultConfigurationIsVisible = 0;
			defaultConfigurationName = Release;
		};
/* End XCConfigurationList section */
	};
	rootObject = 4B46ABC91D8E3ADA00BD8694 /* Project object */;
}
